
Microsoft Visual Studio Solution File, Format Version 12.00
# Visual Studio 2012
Project("{FAE04EC0-301F-11D3-BF4B-00C04F79EFBC}") = "TopShelfWcfExample.ConsoleApp", "TopShelfWcfExample.ConsoleApp\TopShelfWcfExample.ConsoleApp.csproj", "{7BB250C4-59CE-44B1-B8C6-066EF656BF0C}"
EndProject
Project("{FAE04EC0-301F-11D3-BF4B-00C04F79EFBC}") = "TopShelfWcfExample.ConsoleApp.UnitTests", "TopShelfWcfExample.ConsoleApp.UnitTests\TopShelfWcfExample.ConsoleApp.UnitTests.csproj", "{AB99DEA5-8486-468F-AC41-F7971F0C029D}"
EndProject
Global
	GlobalSection(SolutionConfigurationPlatforms) = preSolution
		Debug|Any CPU = Debug|Any CPU
		Release|Any CPU = Release|Any CPU
	EndGlobalSection
	GlobalSection(ProjectConfigurationPlatforms) = postSolution
		{7BB250C4-59CE-44B1-B8C6-066EF656BF0C}.Debug|Any CPU.ActiveCfg = Debug|Any CPU
		{7BB250C4-59CE-44B1-B8C6-066EF656BF0C}.Debug|Any CPU.Build.0 = Debug|Any CPU
		{7BB250C4-59CE-44B1-B8C6-066EF656BF0C}.Release|Any CPU.ActiveCfg = Release|Any CPU
		{7BB250C4-59CE-44B1-B8C6-066EF656BF0C}.Release|Any CPU.Build.0 = Release|Any CPU
		{AB99DEA5-8486-468F-AC41-F7971F0C029D}.Debug|Any CPU.ActiveCfg = Debug|Any CPU
		{AB99DEA5-8486-468F-AC41-F7971F0C029D}.Debug|Any CPU.Build.0 = Debug|Any CPU
		{AB99DEA5-8486-468F-AC41-F7971F0C029D}.Release|Any CPU.ActiveCfg = Release|Any CPU
		{AB99DEA5-8486-468F-AC41-F7971F0C029D}.Release|Any CPU.Build.0 = Release|Any CPU
	EndGlobalSection
	GlobalSection(SolutionProperties) = preSolution
		HideSolutionNode = FALSE
	EndGlobalSection
EndGlobal
