
Microsoft Visual Studio Solution File, Format Version 12.00
# Visual Studio 2012
Project("{FAE04EC0-301F-11D3-BF4B-00C04F79EFBC}") = "ConsoleApp", "ConsoleApp\ConsoleApp.csproj", "{D79F414E-490C-4588-BFA1-CF8C511D5560}"
EndProject
Project("{FAE04EC0-301F-11D3-BF4B-00C04F79EFBC}") = "MyLibrary", "MyLibrary\MyLibrary.csproj", "{29A49859-12DA-4F61-81EF-38DD5D0FFC1D}"
EndProject
Project("{FAE04EC0-301F-11D3-BF4B-00C04F79EFBC}") = "ConsoleApp.UnitTests", "ConsoleApp.UnitTests\ConsoleApp.UnitTests.csproj", "{5A169F8F-F97F-4D2F-AE39-BBE514D81A37}"
EndProject
Project("{FAE04EC0-301F-11D3-BF4B-00C04F79EFBC}") = "MyLibrary.UnitTests", "MyLibrary.UnitTests\MyLibrary.UnitTests.csproj", "{A85996DE-2956-45FF-B0AA-82FD4CD5EDDB}"
EndProject
Project("{2150E333-8FDC-42A3-9474-1A3956D46DE8}") = ".nuget", ".nuget", "{3BB505C2-D7C2-4576-B454-8BBBD761B46C}"
	ProjectSection(SolutionItems) = preProject
		.nuget\NuGet.Config = .nuget\NuGet.Config
		.nuget\NuGet.exe = .nuget\NuGet.exe
		.nuget\NuGet.targets = .nuget\NuGet.targets
	EndProjectSection
EndProject
Global
	GlobalSection(SolutionConfigurationPlatforms) = preSolution
		Debug|Any CPU = Debug|Any CPU
		Release|Any CPU = Release|Any CPU
	EndGlobalSection
	GlobalSection(ProjectConfigurationPlatforms) = postSolution
		{D79F414E-490C-4588-BFA1-CF8C511D5560}.Debug|Any CPU.ActiveCfg = Debug|Any CPU
		{D79F414E-490C-4588-BFA1-CF8C511D5560}.Debug|Any CPU.Build.0 = Debug|Any CPU
		{D79F414E-490C-4588-BFA1-CF8C511D5560}.Release|Any CPU.ActiveCfg = Release|Any CPU
		{D79F414E-490C-4588-BFA1-CF8C511D5560}.Release|Any CPU.Build.0 = Release|Any CPU
		{29A49859-12DA-4F61-81EF-38DD5D0FFC1D}.Debug|Any CPU.ActiveCfg = Debug|Any CPU
		{29A49859-12DA-4F61-81EF-38DD5D0FFC1D}.Debug|Any CPU.Build.0 = Debug|Any CPU
		{29A49859-12DA-4F61-81EF-38DD5D0FFC1D}.Release|Any CPU.ActiveCfg = Release|Any CPU
		{29A49859-12DA-4F61-81EF-38DD5D0FFC1D}.Release|Any CPU.Build.0 = Release|Any CPU
		{5A169F8F-F97F-4D2F-AE39-BBE514D81A37}.Debug|Any CPU.ActiveCfg = Debug|Any CPU
		{5A169F8F-F97F-4D2F-AE39-BBE514D81A37}.Debug|Any CPU.Build.0 = Debug|Any CPU
		{5A169F8F-F97F-4D2F-AE39-BBE514D81A37}.Release|Any CPU.ActiveCfg = Release|Any CPU
		{5A169F8F-F97F-4D2F-AE39-BBE514D81A37}.Release|Any CPU.Build.0 = Release|Any CPU
		{A85996DE-2956-45FF-B0AA-82FD4CD5EDDB}.Debug|Any CPU.ActiveCfg = Debug|Any CPU
		{A85996DE-2956-45FF-B0AA-82FD4CD5EDDB}.Debug|Any CPU.Build.0 = Debug|Any CPU
		{A85996DE-2956-45FF-B0AA-82FD4CD5EDDB}.Release|Any CPU.ActiveCfg = Release|Any CPU
		{A85996DE-2956-45FF-B0AA-82FD4CD5EDDB}.Release|Any CPU.Build.0 = Release|Any CPU
	EndGlobalSection
	GlobalSection(SolutionProperties) = preSolution
		HideSolutionNode = FALSE
	EndGlobalSection
EndGlobal
